
Microsoft Visual Studio Solution File, Format Version 12.00
# Visual Studio Version 16
VisualStudioVersion = 16.0.30804.86
MinimumVisualStudioVersion = 10.0.40219.1
Project("{9A19103F-16F7-4668-BE54-9A1E7A4F7556}") = "Hahn.ApplicationProcess.December2020.Web", "Hahn.ApplicationProcess.December2020.Web\Hahn.ApplicationProcess.December2020.Web.csproj", "{AA118049-02CF-40B7-81F7-E36DA08A6AC6}"
EndProject
Project("{9A19103F-16F7-4668-BE54-9A1E7A4F7556}") = "Hahn.ApplicationProcess.December2020.Data", "Hahn.ApplicationProcess.December2020.Data\Hahn.ApplicationProcess.December2020.Data.csproj", "{D582FF84-FA9B-4690-87E6-9E4833ACA92A}"
EndProject
Project("{FAE04EC0-301F-11D3-BF4B-00C04F79EFBC}") = "Hahn.ApplicationProcess.December2020.Domain", "Hahn.ApplicationProcess.December2020.Domain\Hahn.ApplicationProcess.December2020.Domain.csproj", "{B96A4A5A-50B3-4217-B251-796011E804E0}"
EndProject
Global
	GlobalSection(SolutionConfigurationPlatforms) = preSolution
		Debug|Any CPU = Debug|Any CPU
		Release|Any CPU = Release|Any CPU
	EndGlobalSection
	GlobalSection(ProjectConfigurationPlatforms) = postSolution
		{AA118049-02CF-40B7-81F7-E36DA08A6AC6}.Debug|Any CPU.ActiveCfg = Debug|Any CPU
		{AA118049-02CF-40B7-81F7-E36DA08A6AC6}.Debug|Any CPU.Build.0 = Debug|Any CPU
		{AA118049-02CF-40B7-81F7-E36DA08A6AC6}.Release|Any CPU.ActiveCfg = Release|Any CPU
		{AA118049-02CF-40B7-81F7-E36DA08A6AC6}.Release|Any CPU.Build.0 = Release|Any CPU
		{D582FF84-FA9B-4690-87E6-9E4833ACA92A}.Debug|Any CPU.ActiveCfg = Debug|Any CPU
		{D582FF84-FA9B-4690-87E6-9E4833ACA92A}.Debug|Any CPU.Build.0 = Debug|Any CPU
		{D582FF84-FA9B-4690-87E6-9E4833ACA92A}.Release|Any CPU.ActiveCfg = Release|Any CPU
		{D582FF84-FA9B-4690-87E6-9E4833ACA92A}.Release|Any CPU.Build.0 = Release|Any CPU
		{B96A4A5A-50B3-4217-B251-796011E804E0}.Debug|Any CPU.ActiveCfg = Debug|Any CPU
		{B96A4A5A-50B3-4217-B251-796011E804E0}.Debug|Any CPU.Build.0 = Debug|Any CPU
		{B96A4A5A-50B3-4217-B251-796011E804E0}.Release|Any CPU.ActiveCfg = Release|Any CPU
		{B96A4A5A-50B3-4217-B251-796011E804E0}.Release|Any CPU.Build.0 = Release|Any CPU
	EndGlobalSection
	GlobalSection(SolutionProperties) = preSolution
		HideSolutionNode = FALSE
	EndGlobalSection
	GlobalSection(ExtensibilityGlobals) = postSolution
		SolutionGuid = {F4AD4E41-D885-4E63-A390-C1719B5649AA}
	EndGlobalSection
EndGlobal
